
Microsoft Visual Studio Solution File, Format Version 12.00
# Visual Studio Version 17
VisualStudioVersion = 17.11.35222.181
MinimumVisualStudioVersion = 10.0.40219.1
Project("{9A19103F-16F7-4668-BE54-9A1E7A4F7556}") = "PBO Projek", "PBO Projek.csproj", "{7527D565-DC98-4F00-A928-D486FA5E685A}"
EndProject
Global
	GlobalSection(SolutionConfigurationPlatforms) = preSolution
		Debug|Any CPU = Debug|Any CPU
		Release|Any CPU = Release|Any CPU
	EndGlobalSection
	GlobalSection(ProjectConfigurationPlatforms) = postSolution
		{7527D565-DC98-4F00-A928-D486FA5E685A}.Debug|Any CPU.ActiveCfg = Debug|Any CPU
		{7527D565-DC98-4F00-A928-D486FA5E685A}.Debug|Any CPU.Build.0 = Debug|Any CPU
		{7527D565-DC98-4F00-A928-D486FA5E685A}.Release|Any CPU.ActiveCfg = Release|Any CPU
		{7527D565-DC98-4F00-A928-D486FA5E685A}.Release|Any CPU.Build.0 = Release|Any CPU
	EndGlobalSection
	GlobalSection(SolutionProperties) = preSolution
		HideSolutionNode = FALSE
	EndGlobalSection
	GlobalSection(ExtensibilityGlobals) = postSolution
		SolutionGuid = {82ABB02A-2F5E-482E-BCFE-B3597A5F4AC4}
	EndGlobalSection
EndGlobal
